
Microsoft Visual Studio Solution File, Format Version 12.00
# Visual Studio Version 16
VisualStudioVersion = 16.0.31313.79
MinimumVisualStudioVersion = 10.0.40219.1
Project("{FAE04EC0-301F-11D3-BF4B-00C04F79EFBC}") = "soft_code", "soft_code.csproj", "{57881B8F-986E-4A50-947F-CAB8A94894F9}"
EndProject
Project("{54435603-DBB4-11D2-8724-00A0C9A8B90C}") = "instalador_softcode", "instalador\instalador_softcode\instalador_softcode.vdproj", "{05304210-64BE-46AC-BAC3-95EB73303DD2}"
EndProject
Global
	GlobalSection(SolutionConfigurationPlatforms) = preSolution
		Debug|Any CPU = Debug|Any CPU
		Debug|Default = Debug|Default
		Release|Any CPU = Release|Any CPU
		Release|Default = Release|Default
	EndGlobalSection
	GlobalSection(ProjectConfigurationPlatforms) = postSolution
		{57881B8F-986E-4A50-947F-CAB8A94894F9}.Debug|Any CPU.ActiveCfg = Debug|Any CPU
		{57881B8F-986E-4A50-947F-CAB8A94894F9}.Debug|Any CPU.Build.0 = Debug|Any CPU
		{57881B8F-986E-4A50-947F-CAB8A94894F9}.Debug|Default.ActiveCfg = Debug|Any CPU
		{57881B8F-986E-4A50-947F-CAB8A94894F9}.Debug|Default.Build.0 = Debug|Any CPU
		{57881B8F-986E-4A50-947F-CAB8A94894F9}.Release|Any CPU.ActiveCfg = Release|Any CPU
		{57881B8F-986E-4A50-947F-CAB8A94894F9}.Release|Any CPU.Build.0 = Release|Any CPU
		{57881B8F-986E-4A50-947F-CAB8A94894F9}.Release|Default.ActiveCfg = Release|Any CPU
		{57881B8F-986E-4A50-947F-CAB8A94894F9}.Release|Default.Build.0 = Release|Any CPU
		{05304210-64BE-46AC-BAC3-95EB73303DD2}.Debug|Any CPU.ActiveCfg = Debug
		{05304210-64BE-46AC-BAC3-95EB73303DD2}.Debug|Default.ActiveCfg = Debug
		{05304210-64BE-46AC-BAC3-95EB73303DD2}.Debug|Default.Build.0 = Debug
		{05304210-64BE-46AC-BAC3-95EB73303DD2}.Release|Any CPU.ActiveCfg = Release
		{05304210-64BE-46AC-BAC3-95EB73303DD2}.Release|Any CPU.Build.0 = Release
		{05304210-64BE-46AC-BAC3-95EB73303DD2}.Release|Default.ActiveCfg = Release
		{05304210-64BE-46AC-BAC3-95EB73303DD2}.Release|Default.Build.0 = Release
	EndGlobalSection
	GlobalSection(SolutionProperties) = preSolution
		HideSolutionNode = FALSE
	EndGlobalSection
	GlobalSection(ExtensibilityGlobals) = postSolution
		SolutionGuid = {08561D81-F279-4552-B37E-714128E224D5}
	EndGlobalSection
	GlobalSection(SolutionConfigurationPlatforms) = preSolution
		Debug|Any CPU = Debug|Any CPU
		Debug|Default = Debug|Default
		Release|Any CPU = Release|Any CPU
		Release|Default = Release|Default
	EndGlobalSection
	GlobalSection(SolutionConfigurationPlatforms) = preSolution
		Debug|Any CPU = Debug|Any CPU
		Debug|Default = Debug|Default
		Release|Any CPU = Release|Any CPU
		Release|Default = Release|Default
	EndGlobalSection
EndGlobal
